
Microsoft Visual Studio Solution File, Format Version 12.00
# Visual Studio Version 16
VisualStudioVersion = 16.0.31624.102
MinimumVisualStudioVersion = 10.0.40219.1
Project("{FAE04EC0-301F-11D3-BF4B-00C04F79EFBC}") = "виви", "виви.csproj", "{1F037C9C-C963-4EDE-B52E-8EB561E99542}"
EndProject
Global
	GlobalSection(SolutionConfigurationPlatforms) = preSolution
		Debug|Any CPU = Debug|Any CPU
		Release|Any CPU = Release|Any CPU
	EndGlobalSection
	GlobalSection(ProjectConfigurationPlatforms) = postSolution
		{1F037C9C-C963-4EDE-B52E-8EB561E99542}.Debug|Any CPU.ActiveCfg = Debug|Any CPU
		{1F037C9C-C963-4EDE-B52E-8EB561E99542}.Debug|Any CPU.Build.0 = Debug|Any CPU
		{1F037C9C-C963-4EDE-B52E-8EB561E99542}.Release|Any CPU.ActiveCfg = Release|Any CPU
		{1F037C9C-C963-4EDE-B52E-8EB561E99542}.Release|Any CPU.Build.0 = Release|Any CPU
	EndGlobalSection
	GlobalSection(SolutionProperties) = preSolution
		HideSolutionNode = FALSE
	EndGlobalSection
	GlobalSection(ExtensibilityGlobals) = postSolution
		SolutionGuid = {5B8DC90D-F894-4465-83FA-EC7CAD7D2DEF}
	EndGlobalSection
EndGlobal
